
Microsoft Visual Studio Solution File, Format Version 12.00
# Visual Studio Version 17
VisualStudioVersion = 17.0.31912.275
MinimumVisualStudioVersion = 10.0.40219.1
Project("{FAE04EC0-301F-11D3-BF4B-00C04F79EFBC}") = "CoreApp", "CoreApp\CoreApp.csproj", "{19449640-D7E0-4C53-8798-B36A727A57ED}"
EndProject
Global
	GlobalSection(SolutionConfigurationPlatforms) = preSolution
		Debug|Any CPU = Debug|Any CPU
		Release|Any CPU = Release|Any CPU
	EndGlobalSection
	GlobalSection(ProjectConfigurationPlatforms) = postSolution
		{19449640-D7E0-4C53-8798-B36A727A57ED}.Debug|Any CPU.ActiveCfg = Debug|Any CPU
		{19449640-D7E0-4C53-8798-B36A727A57ED}.Debug|Any CPU.Build.0 = Debug|Any CPU
		{19449640-D7E0-4C53-8798-B36A727A57ED}.Release|Any CPU.ActiveCfg = Release|Any CPU
		{19449640-D7E0-4C53-8798-B36A727A57ED}.Release|Any CPU.Build.0 = Release|Any CPU
	EndGlobalSection
	GlobalSection(SolutionProperties) = preSolution
		HideSolutionNode = FALSE
	EndGlobalSection
	GlobalSection(ExtensibilityGlobals) = postSolution
		SolutionGuid = {35A138AF-270B-4C5C-8278-A72A664549C0}
	EndGlobalSection
EndGlobal
